
Microsoft Visual Studio Solution File, Format Version 12.00
# Visual Studio Version 16
VisualStudioVersion = 16.0.31402.337
MinimumVisualStudioVersion = 10.0.40219.1
Project("{FAE04EC0-301F-11D3-BF4B-00C04F79EFBC}") = "Dekorasyoncunuzz", "Dekorasyoncunuzz\Dekorasyoncunuzz.csproj", "{A81B81BE-360E-4C06-9188-902133289914}"
EndProject
Global
	GlobalSection(SolutionConfigurationPlatforms) = preSolution
		Debug|Any CPU = Debug|Any CPU
		Release|Any CPU = Release|Any CPU
	EndGlobalSection
	GlobalSection(ProjectConfigurationPlatforms) = postSolution
		{A81B81BE-360E-4C06-9188-902133289914}.Debug|Any CPU.ActiveCfg = Debug|Any CPU
		{A81B81BE-360E-4C06-9188-902133289914}.Debug|Any CPU.Build.0 = Debug|Any CPU
		{A81B81BE-360E-4C06-9188-902133289914}.Release|Any CPU.ActiveCfg = Release|Any CPU
		{A81B81BE-360E-4C06-9188-902133289914}.Release|Any CPU.Build.0 = Release|Any CPU
	EndGlobalSection
	GlobalSection(SolutionProperties) = preSolution
		HideSolutionNode = FALSE
	EndGlobalSection
	GlobalSection(ExtensibilityGlobals) = postSolution
		SolutionGuid = {D8A34092-00A0-4311-B96E-6C98AC7B26BF}
	EndGlobalSection
EndGlobal
